
Microsoft Visual Studio Solution File, Format Version 12.00
# Visual Studio Version 16
VisualStudioVersion = 16.0.31829.152
MinimumVisualStudioVersion = 10.0.40219.1
Project("{FAE04EC0-301F-11D3-BF4B-00C04F79EFBC}") = "BinarySearchTree", "BinarySearchTree\BinarySearchTree.csproj", "{862C2CBD-32E8-476D-A71E-A8BD059EDD0A}"
EndProject
Global
	GlobalSection(SolutionConfigurationPlatforms) = preSolution
		Debug|Any CPU = Debug|Any CPU
		Release|Any CPU = Release|Any CPU
	EndGlobalSection
	GlobalSection(ProjectConfigurationPlatforms) = postSolution
		{862C2CBD-32E8-476D-A71E-A8BD059EDD0A}.Debug|Any CPU.ActiveCfg = Debug|Any CPU
		{862C2CBD-32E8-476D-A71E-A8BD059EDD0A}.Debug|Any CPU.Build.0 = Debug|Any CPU
		{862C2CBD-32E8-476D-A71E-A8BD059EDD0A}.Release|Any CPU.ActiveCfg = Release|Any CPU
		{862C2CBD-32E8-476D-A71E-A8BD059EDD0A}.Release|Any CPU.Build.0 = Release|Any CPU
	EndGlobalSection
	GlobalSection(SolutionProperties) = preSolution
		HideSolutionNode = FALSE
	EndGlobalSection
	GlobalSection(ExtensibilityGlobals) = postSolution
		SolutionGuid = {E1761B86-4850-4AB3-AC05-865078E714E9}
	EndGlobalSection
EndGlobal
